
Microsoft Visual Studio Solution File, Format Version 12.00
Project("{2150E333-8FDC-42A3-9474-1A3956D46DE8}") = "core", "core", "{2EC81181-86A9-45ED-A99E-9AC96A2BADCB}"
EndProject
Project("{2150E333-8FDC-42A3-9474-1A3956D46DE8}") = "test", "test", "{481CB20E-DAC5-48E4-8CAF-318BD112E479}"
EndProject
Project("{FAE04EC0-301F-11D3-BF4B-00C04F79EFBC}") = "JSerialPort.Net", "src\JSerialPort.Net\JSerialPort.Net.csproj", "{07F80865-D8F4-4DE5-A353-5A0FCFAF56C9}"
EndProject
Global
	GlobalSection(SolutionConfigurationPlatforms) = preSolution
		Debug|Any CPU = Debug|Any CPU
		Release|Any CPU = Release|Any CPU
	EndGlobalSection
	GlobalSection(NestedProjects) = preSolution
		{07F80865-D8F4-4DE5-A353-5A0FCFAF56C9} = {2EC81181-86A9-45ED-A99E-9AC96A2BADCB}
	EndGlobalSection
	GlobalSection(ProjectConfigurationPlatforms) = postSolution
		{07F80865-D8F4-4DE5-A353-5A0FCFAF56C9}.Debug|Any CPU.ActiveCfg = Debug|Any CPU
		{07F80865-D8F4-4DE5-A353-5A0FCFAF56C9}.Debug|Any CPU.Build.0 = Debug|Any CPU
		{07F80865-D8F4-4DE5-A353-5A0FCFAF56C9}.Release|Any CPU.ActiveCfg = Release|Any CPU
		{07F80865-D8F4-4DE5-A353-5A0FCFAF56C9}.Release|Any CPU.Build.0 = Release|Any CPU
	EndGlobalSection
EndGlobal
